
Microsoft Visual Studio Solution File, Format Version 12.00
# Visual Studio Version 16
VisualStudioVersion = 16.0.30804.86
MinimumVisualStudioVersion = 10.0.40219.1
Project("{2150E333-8FDC-42A3-9474-1A3956D46DE8}") = "Auth", "Auth", "{C515DEA9-315C-4A23-A3A6-FD58396C8BEC}"
EndProject
Project("{9A19103F-16F7-4668-BE54-9A1E7A4F7556}") = "Auth.API", "Auth\Auth.API\Auth.API.csproj", "{07D75BF5-5828-4C68-8158-6C97D929F974}"
EndProject
Project("{9A19103F-16F7-4668-BE54-9A1E7A4F7556}") = "Auth.Infrastructure", "Auth\Auth.Infrastructure\Auth.Infrastructure.csproj", "{8B4570B7-11B8-4036-A8BD-6A1C154E1C94}"
EndProject
Project("{9A19103F-16F7-4668-BE54-9A1E7A4F7556}") = "Auth.Service", "Auth\Auth.Service\Auth.Service.csproj", "{0A16F63A-8EDC-4D86-A2F2-F6AFC270AEED}"
EndProject
Project("{2150E333-8FDC-42A3-9474-1A3956D46DE8}") = "Shared", "Shared", "{B3C7477B-6AE8-4A83-AE23-58CAB61354E1}"
EndProject
Project("{9A19103F-16F7-4668-BE54-9A1E7A4F7556}") = "Common", "Shared\Common\Common.csproj", "{C67C3097-2769-4317-9D81-194EEF0F6898}"
EndProject
Project("{2150E333-8FDC-42A3-9474-1A3956D46DE8}") = "Post", "Post", "{C6AFCB4C-FA9F-4BB0-A317-7C5853DE6BC2}"
EndProject
Project("{9A19103F-16F7-4668-BE54-9A1E7A4F7556}") = "Post.API", "Post\Post.API\Post.API.csproj", "{7F7E80B7-7A06-44DB-8F4C-2AB01886BB2A}"
EndProject
Project("{9A19103F-16F7-4668-BE54-9A1E7A4F7556}") = "Post.Domain", "Post\Post.Domain\Post.Domain.csproj", "{A9809EE0-E3B1-48AE-A5B7-56DFB15007EF}"
EndProject
Project("{9A19103F-16F7-4668-BE54-9A1E7A4F7556}") = "Post.Infrastructure", "Post\Post.Infrastructure\Post.Infrastructure.csproj", "{0DE77B9A-79FF-4441-9BCB-A1A2CCE8B2F5}"
EndProject
Project("{9A19103F-16F7-4668-BE54-9A1E7A4F7556}") = "Post.Data", "Post\Post.Data\Post.Data.csproj", "{3E3EE5F3-C499-4B44-A64E-8DB6CF2EDA2C}"
EndProject
Project("{9A19103F-16F7-4668-BE54-9A1E7A4F7556}") = "Post.Service", "Post\Post.Service\Post.Service.csproj", "{3241AAA9-55DD-4AAA-BF78-8EAE461E2B4B}"
EndProject
Project("{9A19103F-16F7-4668-BE54-9A1E7A4F7556}") = "Paginate", "Shared\Paginate\Paginate.csproj", "{35925962-3804-4E27-BABE-F80C2D665766}"
EndProject
Project("{9A19103F-16F7-4668-BE54-9A1E7A4F7556}") = "Logging", "Shared\Logging\Logging.csproj", "{7A946D5D-8B85-4054-92BE-AA6F6D896D2B}"
EndProject
Project("{2150E333-8FDC-42A3-9474-1A3956D46DE8}") = "Gateway", "Gateway", "{390CEDE8-1EDE-446C-AC9F-65A7FAE2CFA5}"
EndProject
Project("{9A19103F-16F7-4668-BE54-9A1E7A4F7556}") = "ApiGateway", "Gateway\ApiGateway\ApiGateway.csproj", "{DA474C16-E1FF-4C7E-B6FE-9CF70EA341F0}"
EndProject
Project("{FAE04EC0-301F-11D3-BF4B-00C04F79EFBC}") = "Auth.Domain", "Auth\Auth.Domain\Auth.Domain.csproj", "{2295C6A9-E979-4B95-B90D-747BE5B82A9A}"
EndProject
Project("{FAE04EC0-301F-11D3-BF4B-00C04F79EFBC}") = "Auth.Data", "Auth\Auth.Data\Auth.Data.csproj", "{30A3F9D1-CACF-49CB-8104-DAF9EDC67138}"
EndProject
Global
	GlobalSection(SolutionConfigurationPlatforms) = preSolution
		Debug|Any CPU = Debug|Any CPU
		Release|Any CPU = Release|Any CPU
	EndGlobalSection
	GlobalSection(ProjectConfigurationPlatforms) = postSolution
		{07D75BF5-5828-4C68-8158-6C97D929F974}.Debug|Any CPU.ActiveCfg = Debug|Any CPU
		{07D75BF5-5828-4C68-8158-6C97D929F974}.Debug|Any CPU.Build.0 = Debug|Any CPU
		{07D75BF5-5828-4C68-8158-6C97D929F974}.Release|Any CPU.ActiveCfg = Release|Any CPU
		{07D75BF5-5828-4C68-8158-6C97D929F974}.Release|Any CPU.Build.0 = Release|Any CPU
		{8B4570B7-11B8-4036-A8BD-6A1C154E1C94}.Debug|Any CPU.ActiveCfg = Debug|Any CPU
		{8B4570B7-11B8-4036-A8BD-6A1C154E1C94}.Debug|Any CPU.Build.0 = Debug|Any CPU
		{8B4570B7-11B8-4036-A8BD-6A1C154E1C94}.Release|Any CPU.ActiveCfg = Release|Any CPU
		{8B4570B7-11B8-4036-A8BD-6A1C154E1C94}.Release|Any CPU.Build.0 = Release|Any CPU
		{0A16F63A-8EDC-4D86-A2F2-F6AFC270AEED}.Debug|Any CPU.ActiveCfg = Debug|Any CPU
		{0A16F63A-8EDC-4D86-A2F2-F6AFC270AEED}.Debug|Any CPU.Build.0 = Debug|Any CPU
		{0A16F63A-8EDC-4D86-A2F2-F6AFC270AEED}.Release|Any CPU.ActiveCfg = Release|Any CPU
		{0A16F63A-8EDC-4D86-A2F2-F6AFC270AEED}.Release|Any CPU.Build.0 = Release|Any CPU
		{C67C3097-2769-4317-9D81-194EEF0F6898}.Debug|Any CPU.ActiveCfg = Debug|Any CPU
		{C67C3097-2769-4317-9D81-194EEF0F6898}.Debug|Any CPU.Build.0 = Debug|Any CPU
		{C67C3097-2769-4317-9D81-194EEF0F6898}.Release|Any CPU.ActiveCfg = Release|Any CPU
		{C67C3097-2769-4317-9D81-194EEF0F6898}.Release|Any CPU.Build.0 = Release|Any CPU
		{7F7E80B7-7A06-44DB-8F4C-2AB01886BB2A}.Debug|Any CPU.ActiveCfg = Debug|Any CPU
		{7F7E80B7-7A06-44DB-8F4C-2AB01886BB2A}.Debug|Any CPU.Build.0 = Debug|Any CPU
		{7F7E80B7-7A06-44DB-8F4C-2AB01886BB2A}.Release|Any CPU.ActiveCfg = Release|Any CPU
		{7F7E80B7-7A06-44DB-8F4C-2AB01886BB2A}.Release|Any CPU.Build.0 = Release|Any CPU
		{A9809EE0-E3B1-48AE-A5B7-56DFB15007EF}.Debug|Any CPU.ActiveCfg = Debug|Any CPU
		{A9809EE0-E3B1-48AE-A5B7-56DFB15007EF}.Debug|Any CPU.Build.0 = Debug|Any CPU
		{A9809EE0-E3B1-48AE-A5B7-56DFB15007EF}.Release|Any CPU.ActiveCfg = Release|Any CPU
		{A9809EE0-E3B1-48AE-A5B7-56DFB15007EF}.Release|Any CPU.Build.0 = Release|Any CPU
		{0DE77B9A-79FF-4441-9BCB-A1A2CCE8B2F5}.Debug|Any CPU.ActiveCfg = Debug|Any CPU
		{0DE77B9A-79FF-4441-9BCB-A1A2CCE8B2F5}.Debug|Any CPU.Build.0 = Debug|Any CPU
		{0DE77B9A-79FF-4441-9BCB-A1A2CCE8B2F5}.Release|Any CPU.ActiveCfg = Release|Any CPU
		{0DE77B9A-79FF-4441-9BCB-A1A2CCE8B2F5}.Release|Any CPU.Build.0 = Release|Any CPU
		{3E3EE5F3-C499-4B44-A64E-8DB6CF2EDA2C}.Debug|Any CPU.ActiveCfg = Debug|Any CPU
		{3E3EE5F3-C499-4B44-A64E-8DB6CF2EDA2C}.Debug|Any CPU.Build.0 = Debug|Any CPU
		{3E3EE5F3-C499-4B44-A64E-8DB6CF2EDA2C}.Release|Any CPU.ActiveCfg = Release|Any CPU
		{3E3EE5F3-C499-4B44-A64E-8DB6CF2EDA2C}.Release|Any CPU.Build.0 = Release|Any CPU
		{3241AAA9-55DD-4AAA-BF78-8EAE461E2B4B}.Debug|Any CPU.ActiveCfg = Debug|Any CPU
		{3241AAA9-55DD-4AAA-BF78-8EAE461E2B4B}.Debug|Any CPU.Build.0 = Debug|Any CPU
		{3241AAA9-55DD-4AAA-BF78-8EAE461E2B4B}.Release|Any CPU.ActiveCfg = Release|Any CPU
		{3241AAA9-55DD-4AAA-BF78-8EAE461E2B4B}.Release|Any CPU.Build.0 = Release|Any CPU
		{35925962-3804-4E27-BABE-F80C2D665766}.Debug|Any CPU.ActiveCfg = Debug|Any CPU
		{35925962-3804-4E27-BABE-F80C2D665766}.Debug|Any CPU.Build.0 = Debug|Any CPU
		{35925962-3804-4E27-BABE-F80C2D665766}.Release|Any CPU.ActiveCfg = Release|Any CPU
		{35925962-3804-4E27-BABE-F80C2D665766}.Release|Any CPU.Build.0 = Release|Any CPU
		{7A946D5D-8B85-4054-92BE-AA6F6D896D2B}.Debug|Any CPU.ActiveCfg = Debug|Any CPU
		{7A946D5D-8B85-4054-92BE-AA6F6D896D2B}.Debug|Any CPU.Build.0 = Debug|Any CPU
		{7A946D5D-8B85-4054-92BE-AA6F6D896D2B}.Release|Any CPU.ActiveCfg = Release|Any CPU
		{7A946D5D-8B85-4054-92BE-AA6F6D896D2B}.Release|Any CPU.Build.0 = Release|Any CPU
		{DA474C16-E1FF-4C7E-B6FE-9CF70EA341F0}.Debug|Any CPU.ActiveCfg = Debug|Any CPU
		{DA474C16-E1FF-4C7E-B6FE-9CF70EA341F0}.Debug|Any CPU.Build.0 = Debug|Any CPU
		{DA474C16-E1FF-4C7E-B6FE-9CF70EA341F0}.Release|Any CPU.ActiveCfg = Release|Any CPU
		{DA474C16-E1FF-4C7E-B6FE-9CF70EA341F0}.Release|Any CPU.Build.0 = Release|Any CPU
		{2295C6A9-E979-4B95-B90D-747BE5B82A9A}.Debug|Any CPU.ActiveCfg = Debug|Any CPU
		{2295C6A9-E979-4B95-B90D-747BE5B82A9A}.Debug|Any CPU.Build.0 = Debug|Any CPU
		{2295C6A9-E979-4B95-B90D-747BE5B82A9A}.Release|Any CPU.ActiveCfg = Release|Any CPU
		{2295C6A9-E979-4B95-B90D-747BE5B82A9A}.Release|Any CPU.Build.0 = Release|Any CPU
		{30A3F9D1-CACF-49CB-8104-DAF9EDC67138}.Debug|Any CPU.ActiveCfg = Debug|Any CPU
		{30A3F9D1-CACF-49CB-8104-DAF9EDC67138}.Debug|Any CPU.Build.0 = Debug|Any CPU
		{30A3F9D1-CACF-49CB-8104-DAF9EDC67138}.Release|Any CPU.ActiveCfg = Release|Any CPU
		{30A3F9D1-CACF-49CB-8104-DAF9EDC67138}.Release|Any CPU.Build.0 = Release|Any CPU
	EndGlobalSection
	GlobalSection(SolutionProperties) = preSolution
		HideSolutionNode = FALSE
	EndGlobalSection
	GlobalSection(NestedProjects) = preSolution
		{07D75BF5-5828-4C68-8158-6C97D929F974} = {C515DEA9-315C-4A23-A3A6-FD58396C8BEC}
		{8B4570B7-11B8-4036-A8BD-6A1C154E1C94} = {C515DEA9-315C-4A23-A3A6-FD58396C8BEC}
		{0A16F63A-8EDC-4D86-A2F2-F6AFC270AEED} = {C515DEA9-315C-4A23-A3A6-FD58396C8BEC}
		{C67C3097-2769-4317-9D81-194EEF0F6898} = {B3C7477B-6AE8-4A83-AE23-58CAB61354E1}
		{7F7E80B7-7A06-44DB-8F4C-2AB01886BB2A} = {C6AFCB4C-FA9F-4BB0-A317-7C5853DE6BC2}
		{A9809EE0-E3B1-48AE-A5B7-56DFB15007EF} = {C6AFCB4C-FA9F-4BB0-A317-7C5853DE6BC2}
		{0DE77B9A-79FF-4441-9BCB-A1A2CCE8B2F5} = {C6AFCB4C-FA9F-4BB0-A317-7C5853DE6BC2}
		{3E3EE5F3-C499-4B44-A64E-8DB6CF2EDA2C} = {C6AFCB4C-FA9F-4BB0-A317-7C5853DE6BC2}
		{3241AAA9-55DD-4AAA-BF78-8EAE461E2B4B} = {C6AFCB4C-FA9F-4BB0-A317-7C5853DE6BC2}
		{35925962-3804-4E27-BABE-F80C2D665766} = {B3C7477B-6AE8-4A83-AE23-58CAB61354E1}
		{7A946D5D-8B85-4054-92BE-AA6F6D896D2B} = {B3C7477B-6AE8-4A83-AE23-58CAB61354E1}
		{DA474C16-E1FF-4C7E-B6FE-9CF70EA341F0} = {390CEDE8-1EDE-446C-AC9F-65A7FAE2CFA5}
		{2295C6A9-E979-4B95-B90D-747BE5B82A9A} = {C515DEA9-315C-4A23-A3A6-FD58396C8BEC}
		{30A3F9D1-CACF-49CB-8104-DAF9EDC67138} = {C515DEA9-315C-4A23-A3A6-FD58396C8BEC}
	EndGlobalSection
	GlobalSection(ExtensibilityGlobals) = postSolution
		SolutionGuid = {0C64E3BB-A646-4327-B7D0-DA7AD931EA5E}
	EndGlobalSection
EndGlobal
